
Microsoft Visual Studio Solution File, Format Version 12.00
# Visual Studio Version 17
VisualStudioVersion = 17.11.35312.102
MinimumVisualStudioVersion = 10.0.40219.1
Project("{FAE04EC0-301F-11D3-BF4B-00C04F79EFBC}") = "LiuLiuTools", "LiuLiuTools\LiuLiuTools.csproj", "{9F167074-C7B9-4268-BF7C-2A0EB37DDC72}"
EndProject
Project("{FAE04EC0-301F-11D3-BF4B-00C04F79EFBC}") = "LiuLiuTools.WpfControl", "LiuLiuTools.WpfControl\LiuLiuTools.WpfControl.csproj", "{803E3C68-CFA9-4AE1-B2A7-60E1025CCDC3}"
EndProject
Project("{FAE04EC0-301F-11D3-BF4B-00C04F79EFBC}") = "LiuLiuToolsTest", "LiuLiuToolsTest\LiuLiuToolsTest.csproj", "{7E09A630-0882-4352-8796-03D6B6889143}"
EndProject
Global
	GlobalSection(SolutionConfigurationPlatforms) = preSolution
		Debug|Any CPU = Debug|Any CPU
		Release|Any CPU = Release|Any CPU
	EndGlobalSection
	GlobalSection(ProjectConfigurationPlatforms) = postSolution
		{9F167074-C7B9-4268-BF7C-2A0EB37DDC72}.Debug|Any CPU.ActiveCfg = Debug|Any CPU
		{9F167074-C7B9-4268-BF7C-2A0EB37DDC72}.Debug|Any CPU.Build.0 = Debug|Any CPU
		{9F167074-C7B9-4268-BF7C-2A0EB37DDC72}.Release|Any CPU.ActiveCfg = Release|Any CPU
		{9F167074-C7B9-4268-BF7C-2A0EB37DDC72}.Release|Any CPU.Build.0 = Release|Any CPU
		{803E3C68-CFA9-4AE1-B2A7-60E1025CCDC3}.Debug|Any CPU.ActiveCfg = Debug|Any CPU
		{803E3C68-CFA9-4AE1-B2A7-60E1025CCDC3}.Debug|Any CPU.Build.0 = Debug|Any CPU
		{803E3C68-CFA9-4AE1-B2A7-60E1025CCDC3}.Release|Any CPU.ActiveCfg = Release|Any CPU
		{803E3C68-CFA9-4AE1-B2A7-60E1025CCDC3}.Release|Any CPU.Build.0 = Release|Any CPU
		{7E09A630-0882-4352-8796-03D6B6889143}.Debug|Any CPU.ActiveCfg = Debug|Any CPU
		{7E09A630-0882-4352-8796-03D6B6889143}.Debug|Any CPU.Build.0 = Debug|Any CPU
		{7E09A630-0882-4352-8796-03D6B6889143}.Release|Any CPU.ActiveCfg = Release|Any CPU
		{7E09A630-0882-4352-8796-03D6B6889143}.Release|Any CPU.Build.0 = Release|Any CPU
	EndGlobalSection
	GlobalSection(SolutionProperties) = preSolution
		HideSolutionNode = FALSE
	EndGlobalSection
	GlobalSection(ExtensibilityGlobals) = postSolution
		SolutionGuid = {9F31EE76-EB93-4A24-8368-F4E58B12274C}
	EndGlobalSection
EndGlobal
